// !$*UTF8*$!
{
	archiveVersion = 1;
	classes = {
	};
	objectVersion = 46;
	objects = {

/* Begin PBXBuildFile section */
		40CFF88B2AAE50748E758C1B /* Pods_EasyMusic.framework in Frameworks */ = {isa = PBXBuildFile; fileRef = B61466C4FD6E074EBB25FE26 /* Pods_EasyMusic.framework */; };
		590BEA1C6FCA42E619B9C700 /* Pods_EasyMusicUITests.framework in Frameworks */ = {isa = PBXBuildFile; fileRef = CF96421F3EF081A9D955D898 /* Pods_EasyMusicUITests.framework */; };
		7D06559171DABCE979B61AC3 /* Pods_EasyMusicTests.framework in Frameworks */ = {isa = PBXBuildFile; fileRef = EFA01D112E14C0D697975491 /* Pods_EasyMusicTests.framework */; };
		7F279C741C0220720000C4B0 /* MusicPlayerTests.swift in Sources */ = {isa = PBXBuildFile; fileRef = 7F279C731C0220720000C4B0 /* MusicPlayerTests.swift */; };
		7F377B471C20B66E0004EBDC /* AnalyticsTests.swift in Sources */ = {isa = PBXBuildFile; fileRef = 7F377B461C20B66E0004EBDC /* AnalyticsTests.swift */; };
		7F377B4D1C221B070004EBDC /* ShuffleButton.swift in Sources */ = {isa = PBXBuildFile; fileRef = 7F377B4C1C221B070004EBDC /* ShuffleButton.swift */; };
		7F377B4F1C221C8D0004EBDC /* ShuffleButtonTests.swift in Sources */ = {isa = PBXBuildFile; fileRef = 7F377B4E1C221C8D0004EBDC /* ShuffleButtonTests.swift */; };
		7F3A5F741C119A2E0065F16F /* GoogleService-Info.plist in Resources */ = {isa = PBXBuildFile; fileRef = 7F3A5F731C119A2E0065F16F /* GoogleService-Info.plist */; };
		7F3A5F771C119AFE0065F16F /* Analytics.swift in Sources */ = {isa = PBXBuildFile; fileRef = 7F3A5F761C119AFE0065F16F /* Analytics.swift */; };
		7F4090531BF65B5E00F449FD /* ControlsViewTests.swift in Sources */ = {isa = PBXBuildFile; fileRef = 7F4090521BF65B5E00F449FD /* ControlsViewTests.swift */; };
		7F4090551BF7E44900F449FD /* PlayButton.swift in Sources */ = {isa = PBXBuildFile; fileRef = 7F4090541BF7E44900F449FD /* PlayButton.swift */; };
		7F4090571BF91BD000F449FD /* Log.swift in Sources */ = {isa = PBXBuildFile; fileRef = 7F4090561BF91BD000F449FD /* Log.swift */; };
		7F40905A1BF928E800F449FD /* Constants.swift in Sources */ = {isa = PBXBuildFile; fileRef = 7F4090591BF928E800F449FD /* Constants.swift */; };
		7F40905F1BF92F7A00F449FD /* PlayButtonTests.swift in Sources */ = {isa = PBXBuildFile; fileRef = 7F40905E1BF92F7A00F449FD /* PlayButtonTests.swift */; };
		7F4090661BFA091C00F449FD /* PlayerViewControllerTests.swift in Sources */ = {isa = PBXBuildFile; fileRef = 7F4090651BFA091C00F449FD /* PlayerViewControllerTests.swift */; };
		7F4090681BFA096600F449FD /* UIStoryboardExtensions.swift in Sources */ = {isa = PBXBuildFile; fileRef = 7F4090671BFA096600F449FD /* UIStoryboardExtensions.swift */; };
		7F409B9A1C04ED4500DFD6C4 /* TrackManagerTests.swift in Sources */ = {isa = PBXBuildFile; fileRef = 7F409B991C04ED4500DFD6C4 /* TrackManagerTests.swift */; };
		7F409B9C1C04F31600DFD6C4 /* ShareManagerTests.swift in Sources */ = {isa = PBXBuildFile; fileRef = 7F409B9B1C04F31600DFD6C4 /* ShareManagerTests.swift */; };
		7F409B9E1C0506F300DFD6C4 /* XCTestExtension.swift in Sources */ = {isa = PBXBuildFile; fileRef = 7F409B9D1C0506F300DFD6C4 /* XCTestExtension.swift */; };
		7F56AF9F1BE8C6B60033ED07 /* ShareManager.swift in Sources */ = {isa = PBXBuildFile; fileRef = 7F56AF9E1BE8C6B60033ED07 /* ShareManager.swift */; };
		7F6FF2761DF9544200D2A200 /* Localization.swift in Sources */ = {isa = PBXBuildFile; fileRef = 7F6FF2751DF9544200D2A200 /* Localization.swift */; };
		7F7A5CFC1BE8D5A600D2BC9E /* Track.swift in Sources */ = {isa = PBXBuildFile; fileRef = 7F7A5CFB1BE8D5A600D2BC9E /* Track.swift */; };
		7F7A5D051BE916C800D2BC9E /* AVFoundation.framework in Frameworks */ = {isa = PBXBuildFile; fileRef = 7F7A5D041BE916C800D2BC9E /* AVFoundation.framework */; };
		7F8187B51BF1FB9F00BAF398 /* ScrubberView.swift in Sources */ = {isa = PBXBuildFile; fileRef = 7F7932001BEA7C7E00E2C153 /* ScrubberView.swift */; };
		7F8187B81BF2011C00BAF398 /* UIViewExtensions.swift in Sources */ = {isa = PBXBuildFile; fileRef = 7F8187B71BF2011C00BAF398 /* UIViewExtensions.swift */; };
		7F8187BD1BF20FDC00BAF398 /* InfoView.swift in Sources */ = {isa = PBXBuildFile; fileRef = 7F8187BC1BF20FDC00BAF398 /* InfoView.swift */; };
		7F8187BF1BF2252A00BAF398 /* ControlsView.swift in Sources */ = {isa = PBXBuildFile; fileRef = 7F8187BE1BF2252A00BAF398 /* ControlsView.swift */; };
		7F92B6ED1C1994D600A5273A /* PlayerButton.swift in Sources */ = {isa = PBXBuildFile; fileRef = 7F92B6EC1C1994D600A5273A /* PlayerButton.swift */; };
		7F92B6EF1C19979200A5273A /* PlayerButtonTests.swift in Sources */ = {isa = PBXBuildFile; fileRef = 7F92B6EE1C19979200A5273A /* PlayerButtonTests.swift */; };
		7F92B6F11C19AD0A00A5273A /* RepeatButton.swift in Sources */ = {isa = PBXBuildFile; fileRef = 7F92B6F01C19AD0A00A5273A /* RepeatButton.swift */; };
		7F92B6F31C19ADFF00A5273A /* RepeatButtonTests.swift in Sources */ = {isa = PBXBuildFile; fileRef = 7F92B6F21C19ADFF00A5273A /* RepeatButtonTests.swift */; };
		7F92B6F51C1A09F100A5273A /* UserData.swift in Sources */ = {isa = PBXBuildFile; fileRef = 7F92B6F41C1A09F100A5273A /* UserData.swift */; };
		7F92B6F71C1A0F7E00A5273A /* UserDataTests.swift in Sources */ = {isa = PBXBuildFile; fileRef = 7F92B6F61C1A0F7E00A5273A /* UserDataTests.swift */; };
		7F9AAE611C23135900CB7316 /* ScrubberView.xib in Resources */ = {isa = PBXBuildFile; fileRef = 7F9AAE5F1C23135900CB7316 /* ScrubberView.xib */; };
		7FA25FC21C088A0B009FB59D /* UIAlertActionExtensions.swift in Sources */ = {isa = PBXBuildFile; fileRef = 7FA25FC11C088A0B009FB59D /* UIAlertActionExtensions.swift */; };
		7FA60C971C110B9400D7D2DC /* InfoView.xib in Resources */ = {isa = PBXBuildFile; fileRef = 7FA60C991C110B9400D7D2DC /* InfoView.xib */; };
		7FA60C9A1C110B9800D7D2DC /* ControlsView.xib in Resources */ = {isa = PBXBuildFile; fileRef = 7FA60C9C1C110B9800D7D2DC /* ControlsView.xib */; };
		7FB28D591C3B49EE0032F3E0 /* Fabric.framework in Frameworks */ = {isa = PBXBuildFile; fileRef = 7FB28D571C3B49EE0032F3E0 /* Fabric.framework */; };
		7FB28D5A1C3B49EE0032F3E0 /* Crashlytics.framework in Frameworks */ = {isa = PBXBuildFile; fileRef = 7FB28D581C3B49EE0032F3E0 /* Crashlytics.framework */; };
		7FCFE90E1BF3AF8F00981545 /* Social.framework in Frameworks */ = {isa = PBXBuildFile; fileRef = 7FCFE90D1BF3AF8F00981545 /* Social.framework */; };
		7FCFE9161BF4A40600981545 /* UIAlertControllerExtensions.swift in Sources */ = {isa = PBXBuildFile; fileRef = 7FCFE9151BF4A40600981545 /* UIAlertControllerExtensions.swift */; };
		7FCFE9181BF4A7C300981545 /* UIImageExtensions.swift in Sources */ = {isa = PBXBuildFile; fileRef = 7FCFE9171BF4A7C300981545 /* UIImageExtensions.swift */; };
		7FCFE9281BF4B0F500981545 /* NSBundleExtensions.swift in Sources */ = {isa = PBXBuildFile; fileRef = 7FCFE9271BF4B0F500981545 /* NSBundleExtensions.swift */; };
		7FCFE9291BF4B26D00981545 /* Track.strings in Resources */ = {isa = PBXBuildFile; fileRef = 7FCFE92B1BF4B26D00981545 /* Track.strings */; };
		7FCFE92C1BF4B27500981545 /* InfoView.strings in Resources */ = {isa = PBXBuildFile; fileRef = 7FCFE92E1BF4B27500981545 /* InfoView.strings */; };
		7FCFE92F1BF4B27D00981545 /* PlayerViewController.strings in Resources */ = {isa = PBXBuildFile; fileRef = 7FCFE9311BF4B27D00981545 /* PlayerViewController.strings */; };
		7FCFE9321BF4B28200981545 /* ShareManager.strings in Resources */ = {isa = PBXBuildFile; fileRef = 7FCFE9341BF4B28200981545 /* ShareManager.strings */; };
		7FCFE93D1BF4BDDA00981545 /* ScrobbleViewTests.swift in Sources */ = {isa = PBXBuildFile; fileRef = 7FCFE93C1BF4BDDA00981545 /* ScrobbleViewTests.swift */; };
		7FCFE9401BF4D2D700981545 /* InfoViewTests.swift in Sources */ = {isa = PBXBuildFile; fileRef = 7FCFE93F1BF4D2D700981545 /* InfoViewTests.swift */; };
		7FD4F5FE1BFB75B600DCE572 /* GCD.swift in Sources */ = {isa = PBXBuildFile; fileRef = 7FD4F5FD1BFB75B600DCE572 /* GCD.swift */; };
		7FD4F6001BFE1E9A00DCE572 /* TrackManager.swift in Sources */ = {isa = PBXBuildFile; fileRef = 7FD4F5FF1BFE1E9A00DCE572 /* TrackManager.swift */; };
		7FDCC3071DF9D57100E62194 /* InfoPlist.strings in Resources */ = {isa = PBXBuildFile; fileRef = 7FDCC3091DF9D57100E62194 /* InfoPlist.strings */; };
		7FE56F731C18702A00DAF1EE /* AppDelegateTests.swift in Sources */ = {isa = PBXBuildFile; fileRef = 7FE56F721C18702A00DAF1EE /* AppDelegateTests.swift */; };
		7FF5B2EB1BE64E210044FCE5 /* AppDelegate.swift in Sources */ = {isa = PBXBuildFile; fileRef = 7FF5B2EA1BE64E210044FCE5 /* AppDelegate.swift */; };
		7FF5B2ED1BE64E210044FCE5 /* PlayerViewController.swift in Sources */ = {isa = PBXBuildFile; fileRef = 7FF5B2EC1BE64E210044FCE5 /* PlayerViewController.swift */; };
		7FF5B2F01BE64E210044FCE5 /* Player.storyboard in Resources */ = {isa = PBXBuildFile; fileRef = 7FF5B2EE1BE64E210044FCE5 /* Player.storyboard */; };
		7FF5B2F21BE64E220044FCE5 /* Assets.xcassets in Resources */ = {isa = PBXBuildFile; fileRef = 7FF5B2F11BE64E210044FCE5 /* Assets.xcassets */; };
		7FF5B2F51BE64E220044FCE5 /* LaunchScreen.storyboard in Resources */ = {isa = PBXBuildFile; fileRef = 7FF5B2F31BE64E220044FCE5 /* LaunchScreen.storyboard */; };
		7FF5B3001BE64E220044FCE5 /* TrackInfoTests.swift in Sources */ = {isa = PBXBuildFile; fileRef = 7FF5B2FF1BE64E220044FCE5 /* TrackInfoTests.swift */; };
		7FF5B30B1BE64E220044FCE5 /* EasyMusicUITests.swift in Sources */ = {isa = PBXBuildFile; fileRef = 7FF5B30A1BE64E220044FCE5 /* EasyMusicUITests.swift */; };
		7FF5B31D1BE654220044FCE5 /* MusicPlayer.swift in Sources */ = {isa = PBXBuildFile; fileRef = 7FF5B31C1BE654220044FCE5 /* MusicPlayer.swift */; };
		7FF5B31F1BE654470044FCE5 /* MediaPlayer.framework in Frameworks */ = {isa = PBXBuildFile; fileRef = 7FF5B31E1BE654470044FCE5 /* MediaPlayer.framework */; };
/* End PBXBuildFile section */

/* Begin PBXContainerItemProxy section */
		7FF5B2FC1BE64E220044FCE5 /* PBXContainerItemProxy */ = {
			isa = PBXContainerItemProxy;
			containerPortal = 7FF5B2DF1BE64E210044FCE5 /* Project object */;
			proxyType = 1;
			remoteGlobalIDString = 7FF5B2E61BE64E210044FCE5;
			remoteInfo = EasyMusic;
		};
		7FF5B3071BE64E220044FCE5 /* PBXContainerItemProxy */ = {
			isa = PBXContainerItemProxy;
			containerPortal = 7FF5B2DF1BE64E210044FCE5 /* Project object */;
			proxyType = 1;
			remoteGlobalIDString = 7FF5B2E61BE64E210044FCE5;
			remoteInfo = EasyMusic;
		};
/* End PBXContainerItemProxy section */

/* Begin PBXCopyFilesBuildPhase section */
		7F8187AF1BF1FA4200BAF398 /* Embed Frameworks */ = {
			isa = PBXCopyFilesBuildPhase;
			buildActionMask = 2147483647;
			dstPath = "";
			dstSubfolderSpec = 10;
			files = (
			);
			name = "Embed Frameworks";
			runOnlyForDeploymentPostprocessing = 0;
		};
/* End PBXCopyFilesBuildPhase section */

/* Begin PBXFileReference section */
		0AFD6E8B662F74CD13E33A24 /* Pods-EasyMusicTests.debug.xcconfig */ = {isa = PBXFileReference; includeInIndex = 1; lastKnownFileType = text.xcconfig; name = "Pods-EasyMusicTests.debug.xcconfig"; path = "Pods/Target Support Files/Pods-EasyMusicTests/Pods-EasyMusicTests.debug.xcconfig"; sourceTree = "<group>"; };
		0EB082B6DE418C265699C954 /* Pods-EasyMusicUITests.release.xcconfig */ = {isa = PBXFileReference; includeInIndex = 1; lastKnownFileType = text.xcconfig; name = "Pods-EasyMusicUITests.release.xcconfig"; path = "Pods/Target Support Files/Pods-EasyMusicUITests/Pods-EasyMusicUITests.release.xcconfig"; sourceTree = "<group>"; };
		5100AE4777D559F567BF6CE3 /* Pods-EasyMusicUITests.debug.xcconfig */ = {isa = PBXFileReference; includeInIndex = 1; lastKnownFileType = text.xcconfig; name = "Pods-EasyMusicUITests.debug.xcconfig"; path = "Pods/Target Support Files/Pods-EasyMusicUITests/Pods-EasyMusicUITests.debug.xcconfig"; sourceTree = "<group>"; };
		73194378346170EED6CC9EF5 /* Pods-EasyMusicTests.release.xcconfig */ = {isa = PBXFileReference; includeInIndex = 1; lastKnownFileType = text.xcconfig; name = "Pods-EasyMusicTests.release.xcconfig"; path = "Pods/Target Support Files/Pods-EasyMusicTests/Pods-EasyMusicTests.release.xcconfig"; sourceTree = "<group>"; };
		7F163D321EDEEDA400DC52B6 /* change-log.txt */ = {isa = PBXFileReference; lastKnownFileType = text; path = "change-log.txt"; sourceTree = "<group>"; };
		7F279C731C0220720000C4B0 /* MusicPlayerTests.swift */ = {isa = PBXFileReference; fileEncoding = 4; lastKnownFileType = sourcecode.swift; path = MusicPlayerTests.swift; sourceTree = "<group>"; };
		7F377B461C20B66E0004EBDC /* AnalyticsTests.swift */ = {isa = PBXFileReference; fileEncoding = 4; lastKnownFileType = sourcecode.swift; path = AnalyticsTests.swift; sourceTree = "<group>"; };
		7F377B4C1C221B070004EBDC /* ShuffleButton.swift */ = {isa = PBXFileReference; fileEncoding = 4; lastKnownFileType = sourcecode.swift; path = ShuffleButton.swift; sourceTree = "<group>"; };
		7F377B4E1C221C8D0004EBDC /* ShuffleButtonTests.swift */ = {isa = PBXFileReference; fileEncoding = 4; lastKnownFileType = sourcecode.swift; path = ShuffleButtonTests.swift; sourceTree = "<group>"; };
		7F3A5F731C119A2E0065F16F /* GoogleService-Info.plist */ = {isa = PBXFileReference; fileEncoding = 4; lastKnownFileType = text.plist.xml; path = "GoogleService-Info.plist"; sourceTree = "<group>"; };
		7F3A5F761C119AFE0065F16F /* Analytics.swift */ = {isa = PBXFileReference; fileEncoding = 4; lastKnownFileType = sourcecode.swift; path = Analytics.swift; sourceTree = "<group>"; };
		7F4090521BF65B5E00F449FD /* ControlsViewTests.swift */ = {isa = PBXFileReference; fileEncoding = 4; lastKnownFileType = sourcecode.swift; path = ControlsViewTests.swift; sourceTree = "<group>"; };
		7F4090541BF7E44900F449FD /* PlayButton.swift */ = {isa = PBXFileReference; fileEncoding = 4; lastKnownFileType = sourcecode.swift; path = PlayButton.swift; sourceTree = "<group>"; };
		7F4090561BF91BD000F449FD /* Log.swift */ = {isa = PBXFileReference; fileEncoding = 4; lastKnownFileType = sourcecode.swift; path = Log.swift; sourceTree = "<group>"; };
		7F4090591BF928E800F449FD /* Constants.swift */ = {isa = PBXFileReference; fileEncoding = 4; lastKnownFileType = sourcecode.swift; path = Constants.swift; sourceTree = "<group>"; };
		7F40905E1BF92F7A00F449FD /* PlayButtonTests.swift */ = {isa = PBXFileReference; fileEncoding = 4; lastKnownFileType = sourcecode.swift; path = PlayButtonTests.swift; sourceTree = "<group>"; };
		7F4090651BFA091C00F449FD /* PlayerViewControllerTests.swift */ = {isa = PBXFileReference; fileEncoding = 4; lastKnownFileType = sourcecode.swift; lineEnding = 0; path = PlayerViewControllerTests.swift; sourceTree = "<group>"; xcLanguageSpecificationIdentifier = xcode.lang.swift; };
		7F4090671BFA096600F449FD /* UIStoryboardExtensions.swift */ = {isa = PBXFileReference; fileEncoding = 4; lastKnownFileType = sourcecode.swift; path = UIStoryboardExtensions.swift; sourceTree = "<group>"; };
		7F409B991C04ED4500DFD6C4 /* TrackManagerTests.swift */ = {isa = PBXFileReference; fileEncoding = 4; lastKnownFileType = sourcecode.swift; path = TrackManagerTests.swift; sourceTree = "<group>"; };
		7F409B9B1C04F31600DFD6C4 /* ShareManagerTests.swift */ = {isa = PBXFileReference; fileEncoding = 4; lastKnownFileType = sourcecode.swift; path = ShareManagerTests.swift; sourceTree = "<group>"; };
		7F409B9D1C0506F300DFD6C4 /* XCTestExtension.swift */ = {isa = PBXFileReference; fileEncoding = 4; lastKnownFileType = sourcecode.swift; path = XCTestExtension.swift; sourceTree = "<group>"; };
		7F56AF9E1BE8C6B60033ED07 /* ShareManager.swift */ = {isa = PBXFileReference; fileEncoding = 4; lastKnownFileType = sourcecode.swift; lineEnding = 0; path = ShareManager.swift; sourceTree = "<group>"; xcLanguageSpecificationIdentifier = xcode.lang.swift; };
		7F6FF2751DF9544200D2A200 /* Localization.swift */ = {isa = PBXFileReference; fileEncoding = 4; lastKnownFileType = sourcecode.swift; path = Localization.swift; sourceTree = "<group>"; };
		7F7932001BEA7C7E00E2C153 /* ScrubberView.swift */ = {isa = PBXFileReference; fileEncoding = 4; lastKnownFileType = sourcecode.swift; path = ScrubberView.swift; sourceTree = "<group>"; };
		7F7A5CFB1BE8D5A600D2BC9E /* Track.swift */ = {isa = PBXFileReference; fileEncoding = 4; lastKnownFileType = sourcecode.swift; path = Track.swift; sourceTree = "<group>"; };
		7F7A5D041BE916C800D2BC9E /* AVFoundation.framework */ = {isa = PBXFileReference; lastKnownFileType = wrapper.framework; name = AVFoundation.framework; path = System/Library/Frameworks/AVFoundation.framework; sourceTree = SDKROOT; };
		7F8187B71BF2011C00BAF398 /* UIViewExtensions.swift */ = {isa = PBXFileReference; fileEncoding = 4; lastKnownFileType = sourcecode.swift; path = UIViewExtensions.swift; sourceTree = "<group>"; };
		7F8187BC1BF20FDC00BAF398 /* InfoView.swift */ = {isa = PBXFileReference; fileEncoding = 4; lastKnownFileType = sourcecode.swift; lineEnding = 0; path = InfoView.swift; sourceTree = "<group>"; xcLanguageSpecificationIdentifier = xcode.lang.swift; };
		7F8187BE1BF2252A00BAF398 /* ControlsView.swift */ = {isa = PBXFileReference; fileEncoding = 4; lastKnownFileType = sourcecode.swift; path = ControlsView.swift; sourceTree = "<group>"; };
		7F92B6EC1C1994D600A5273A /* PlayerButton.swift */ = {isa = PBXFileReference; fileEncoding = 4; lastKnownFileType = sourcecode.swift; path = PlayerButton.swift; sourceTree = "<group>"; };
		7F92B6EE1C19979200A5273A /* PlayerButtonTests.swift */ = {isa = PBXFileReference; fileEncoding = 4; lastKnownFileType = sourcecode.swift; path = PlayerButtonTests.swift; sourceTree = "<group>"; };
		7F92B6F01C19AD0A00A5273A /* RepeatButton.swift */ = {isa = PBXFileReference; fileEncoding = 4; lastKnownFileType = sourcecode.swift; path = RepeatButton.swift; sourceTree = "<group>"; };
		7F92B6F21C19ADFF00A5273A /* RepeatButtonTests.swift */ = {isa = PBXFileReference; fileEncoding = 4; lastKnownFileType = sourcecode.swift; path = RepeatButtonTests.swift; sourceTree = "<group>"; };
		7F92B6F41C1A09F100A5273A /* UserData.swift */ = {isa = PBXFileReference; fileEncoding = 4; lastKnownFileType = sourcecode.swift; path = UserData.swift; sourceTree = "<group>"; };
		7F92B6F61C1A0F7E00A5273A /* UserDataTests.swift */ = {isa = PBXFileReference; fileEncoding = 4; lastKnownFileType = sourcecode.swift; path = UserDataTests.swift; sourceTree = "<group>"; };
		7F9AAE5B1C2312DA00CB7316 /* de */ = {isa = PBXFileReference; lastKnownFileType = text.plist.strings; name = de; path = de.lproj/Track.strings; sourceTree = "<group>"; };
		7F9AAE5C1C2312DA00CB7316 /* de */ = {isa = PBXFileReference; lastKnownFileType = text.plist.strings; name = de; path = de.lproj/InfoView.strings; sourceTree = "<group>"; };
		7F9AAE5D1C2312DA00CB7316 /* de */ = {isa = PBXFileReference; lastKnownFileType = text.plist.strings; name = de; path = de.lproj/PlayerViewController.strings; sourceTree = "<group>"; };
		7F9AAE5E1C2312DA00CB7316 /* de */ = {isa = PBXFileReference; lastKnownFileType = text.plist.strings; name = de; path = de.lproj/ShareManager.strings; sourceTree = "<group>"; };
		7F9AAE601C23135900CB7316 /* Base */ = {isa = PBXFileReference; lastKnownFileType = file.xib; name = Base; path = Base.lproj/ScrubberView.xib; sourceTree = "<group>"; };
		7F9AAE621C246E0900CB7316 /* fr */ = {isa = PBXFileReference; lastKnownFileType = text.plist.strings; name = fr; path = fr.lproj/Track.strings; sourceTree = "<group>"; };
		7F9AAE631C246E0900CB7316 /* fr */ = {isa = PBXFileReference; lastKnownFileType = text.plist.strings; name = fr; path = fr.lproj/InfoView.strings; sourceTree = "<group>"; };
		7F9AAE641C246E0900CB7316 /* fr */ = {isa = PBXFileReference; lastKnownFileType = text.plist.strings; name = fr; path = fr.lproj/PlayerViewController.strings; sourceTree = "<group>"; };
		7F9AAE651C246E0900CB7316 /* fr */ = {isa = PBXFileReference; lastKnownFileType = text.plist.strings; name = fr; path = fr.lproj/ShareManager.strings; sourceTree = "<group>"; };
		7F9AAE661C24705500CB7316 /* it */ = {isa = PBXFileReference; lastKnownFileType = text.plist.strings; name = it; path = it.lproj/Track.strings; sourceTree = "<group>"; };
		7F9AAE671C24705500CB7316 /* it */ = {isa = PBXFileReference; lastKnownFileType = text.plist.strings; name = it; path = it.lproj/InfoView.strings; sourceTree = "<group>"; };
		7F9AAE681C24705500CB7316 /* it */ = {isa = PBXFileReference; lastKnownFileType = text.plist.strings; name = it; path = it.lproj/PlayerViewController.strings; sourceTree = "<group>"; };
		7F9AAE691C24705500CB7316 /* it */ = {isa = PBXFileReference; lastKnownFileType = text.plist.strings; name = it; path = it.lproj/ShareManager.strings; sourceTree = "<group>"; };
		7F9AAE6A1C2471A300CB7316 /* zh-Hans */ = {isa = PBXFileReference; lastKnownFileType = text.plist.strings; name = "zh-Hans"; path = "zh-Hans.lproj/Track.strings"; sourceTree = "<group>"; };
		7F9AAE6B1C2471A300CB7316 /* zh-Hans */ = {isa = PBXFileReference; lastKnownFileType = text.plist.strings; name = "zh-Hans"; path = "zh-Hans.lproj/InfoView.strings"; sourceTree = "<group>"; };
		7F9AAE6C1C2471A300CB7316 /* zh-Hans */ = {isa = PBXFileReference; lastKnownFileType = text.plist.strings; name = "zh-Hans"; path = "zh-Hans.lproj/PlayerViewController.strings"; sourceTree = "<group>"; };
		7F9AAE6D1C2471A300CB7316 /* zh-Hans */ = {isa = PBXFileReference; lastKnownFileType = text.plist.strings; name = "zh-Hans"; path = "zh-Hans.lproj/ShareManager.strings"; sourceTree = "<group>"; };
		7F9AAE6E1C2472F900CB7316 /* ja */ = {isa = PBXFileReference; lastKnownFileType = text.plist.strings; name = ja; path = ja.lproj/Track.strings; sourceTree = "<group>"; };
		7F9AAE6F1C2472F900CB7316 /* ja */ = {isa = PBXFileReference; lastKnownFileType = text.plist.strings; name = ja; path = ja.lproj/InfoView.strings; sourceTree = "<group>"; };
		7F9AAE701C2472F900CB7316 /* ja */ = {isa = PBXFileReference; lastKnownFileType = text.plist.strings; name = ja; path = ja.lproj/PlayerViewController.strings; sourceTree = "<group>"; };
		7F9AAE711C2472F900CB7316 /* ja */ = {isa = PBXFileReference; lastKnownFileType = text.plist.strings; name = ja; path = ja.lproj/ShareManager.strings; sourceTree = "<group>"; };
		7F9AAE721C2474AD00CB7316 /* ru */ = {isa = PBXFileReference; lastKnownFileType = text.plist.strings; name = ru; path = ru.lproj/Track.strings; sourceTree = "<group>"; };
		7F9AAE731C2474AD00CB7316 /* ru */ = {isa = PBXFileReference; lastKnownFileType = text.plist.strings; name = ru; path = ru.lproj/InfoView.strings; sourceTree = "<group>"; };
		7F9AAE741C2474AD00CB7316 /* ru */ = {isa = PBXFileReference; lastKnownFileType = text.plist.strings; name = ru; path = ru.lproj/PlayerViewController.strings; sourceTree = "<group>"; };
		7F9AAE751C2474AD00CB7316 /* ru */ = {isa = PBXFileReference; lastKnownFileType = text.plist.strings; name = ru; path = ru.lproj/ShareManager.strings; sourceTree = "<group>"; };
		7FA25FC11C088A0B009FB59D /* UIAlertActionExtensions.swift */ = {isa = PBXFileReference; fileEncoding = 4; lastKnownFileType = sourcecode.swift; path = UIAlertActionExtensions.swift; sourceTree = "<group>"; };
		7FA60C981C110B9400D7D2DC /* Base */ = {isa = PBXFileReference; lastKnownFileType = file.xib; name = Base; path = Base.lproj/InfoView.xib; sourceTree = "<group>"; };
		7FA60C9B1C110B9800D7D2DC /* Base */ = {isa = PBXFileReference; lastKnownFileType = file.xib; name = Base; path = Base.lproj/ControlsView.xib; sourceTree = "<group>"; };
		7FB28D571C3B49EE0032F3E0 /* Fabric.framework */ = {isa = PBXFileReference; lastKnownFileType = wrapper.framework; path = Fabric.framework; sourceTree = "<group>"; };
		7FB28D581C3B49EE0032F3E0 /* Crashlytics.framework */ = {isa = PBXFileReference; lastKnownFileType = wrapper.framework; path = Crashlytics.framework; sourceTree = "<group>"; };
		7FCFE90D1BF3AF8F00981545 /* Social.framework */ = {isa = PBXFileReference; lastKnownFileType = wrapper.framework; name = Social.framework; path = System/Library/Frameworks/Social.framework; sourceTree = SDKROOT; };
		7FCFE9151BF4A40600981545 /* UIAlertControllerExtensions.swift */ = {isa = PBXFileReference; fileEncoding = 4; lastKnownFileType = sourcecode.swift; path = UIAlertControllerExtensions.swift; sourceTree = "<group>"; };
		7FCFE9171BF4A7C300981545 /* UIImageExtensions.swift */ = {isa = PBXFileReference; fileEncoding = 4; lastKnownFileType = sourcecode.swift; path = UIImageExtensions.swift; sourceTree = "<group>"; };
		7FCFE9271BF4B0F500981545 /* NSBundleExtensions.swift */ = {isa = PBXFileReference; fileEncoding = 4; lastKnownFileType = sourcecode.swift; path = NSBundleExtensions.swift; sourceTree = "<group>"; };
		7FCFE92A1BF4B26D00981545 /* en */ = {isa = PBXFileReference; lastKnownFileType = text.plist.strings; name = en; path = en.lproj/Track.strings; sourceTree = "<group>"; };
		7FCFE92D1BF4B27500981545 /* en */ = {isa = PBXFileReference; lastKnownFileType = text.plist.strings; name = en; path = en.lproj/InfoView.strings; sourceTree = "<group>"; };
		7FCFE9301BF4B27D00981545 /* en */ = {isa = PBXFileReference; lastKnownFileType = text.plist.strings; name = en; path = en.lproj/PlayerViewController.strings; sourceTree = "<group>"; };
		7FCFE9331BF4B28200981545 /* en */ = {isa = PBXFileReference; lastKnownFileType = text.plist.strings; name = en; path = en.lproj/ShareManager.strings; sourceTree = "<group>"; };
		7FCFE9351BF4B28700981545 /* Base */ = {isa = PBXFileReference; lastKnownFileType = text.plist.strings; name = Base; path = Base.lproj/ShareManager.strings; sourceTree = "<group>"; };
		7FCFE9361BF4B28900981545 /* Base */ = {isa = PBXFileReference; lastKnownFileType = text.plist.strings; name = Base; path = Base.lproj/PlayerViewController.strings; sourceTree = "<group>"; };
		7FCFE9371BF4B28C00981545 /* Base */ = {isa = PBXFileReference; lastKnownFileType = text.plist.strings; name = Base; path = Base.lproj/InfoView.strings; sourceTree = "<group>"; };
		7FCFE9381BF4B28E00981545 /* Base */ = {isa = PBXFileReference; lastKnownFileType = text.plist.strings; name = Base; path = Base.lproj/Track.strings; sourceTree = "<group>"; };
		7FCFE93C1BF4BDDA00981545 /* ScrobbleViewTests.swift */ = {isa = PBXFileReference; fileEncoding = 4; lastKnownFileType = sourcecode.swift; path = ScrobbleViewTests.swift; sourceTree = "<group>"; };
		7FCFE93F1BF4D2D700981545 /* InfoViewTests.swift */ = {isa = PBXFileReference; fileEncoding = 4; lastKnownFileType = sourcecode.swift; lineEnding = 0; path = InfoViewTests.swift; sourceTree = "<group>"; xcLanguageSpecificationIdentifier = xcode.lang.swift; };
		7FD1D9741DFC2E9F002BDFB6 /* EasyMusic-Bridging-Header.h */ = {isa = PBXFileReference; lastKnownFileType = sourcecode.c.h; path = "EasyMusic-Bridging-Header.h"; sourceTree = "<group>"; };
		7FD4F5FD1BFB75B600DCE572 /* GCD.swift */ = {isa = PBXFileReference; fileEncoding = 4; lastKnownFileType = sourcecode.swift; path = GCD.swift; sourceTree = "<group>"; };
		7FD4F5FF1BFE1E9A00DCE572 /* TrackManager.swift */ = {isa = PBXFileReference; fileEncoding = 4; lastKnownFileType = sourcecode.swift; lineEnding = 0; path = TrackManager.swift; sourceTree = "<group>"; xcLanguageSpecificationIdentifier = xcode.lang.swift; };
		7FDCC3081DF9D57100E62194 /* en */ = {isa = PBXFileReference; lastKnownFileType = text.plist.strings; name = en; path = en.lproj/InfoPlist.strings; sourceTree = "<group>"; };
		7FDCC30A1DF9D57600E62194 /* Base */ = {isa = PBXFileReference; lastKnownFileType = text.plist.strings; name = Base; path = Base.lproj/InfoPlist.strings; sourceTree = "<group>"; };
		7FDCC30B1DF9D57700E62194 /* de */ = {isa = PBXFileReference; lastKnownFileType = text.plist.strings; name = de; path = de.lproj/InfoPlist.strings; sourceTree = "<group>"; };
		7FDCC30C1DF9D57700E62194 /* fr */ = {isa = PBXFileReference; lastKnownFileType = text.plist.strings; name = fr; path = fr.lproj/InfoPlist.strings; sourceTree = "<group>"; };
		7FDCC30D1DF9D57800E62194 /* it */ = {isa = PBXFileReference; lastKnownFileType = text.plist.strings; name = it; path = it.lproj/InfoPlist.strings; sourceTree = "<group>"; };
		7FDCC30E1DF9D57800E62194 /* zh-Hans */ = {isa = PBXFileReference; lastKnownFileType = text.plist.strings; name = "zh-Hans"; path = "zh-Hans.lproj/InfoPlist.strings"; sourceTree = "<group>"; };
		7FDCC30F1DF9D57B00E62194 /* ja */ = {isa = PBXFileReference; lastKnownFileType = text.plist.strings; name = ja; path = ja.lproj/InfoPlist.strings; sourceTree = "<group>"; };
		7FDCC3101DF9D57F00E62194 /* ru */ = {isa = PBXFileReference; lastKnownFileType = text.plist.strings; name = ru; path = ru.lproj/InfoPlist.strings; sourceTree = "<group>"; };
		7FE56F721C18702A00DAF1EE /* AppDelegateTests.swift */ = {isa = PBXFileReference; fileEncoding = 4; lastKnownFileType = sourcecode.swift; path = AppDelegateTests.swift; sourceTree = "<group>"; };
		7FF5B2E71BE64E210044FCE5 /* EasyMusic.app */ = {isa = PBXFileReference; explicitFileType = wrapper.application; includeInIndex = 0; path = EasyMusic.app; sourceTree = BUILT_PRODUCTS_DIR; };
		7FF5B2EA1BE64E210044FCE5 /* AppDelegate.swift */ = {isa = PBXFileReference; lastKnownFileType = sourcecode.swift; path = AppDelegate.swift; sourceTree = "<group>"; };
		7FF5B2EC1BE64E210044FCE5 /* PlayerViewController.swift */ = {isa = PBXFileReference; lastKnownFileType = sourcecode.swift; lineEnding = 0; path = PlayerViewController.swift; sourceTree = "<group>"; xcLanguageSpecificationIdentifier = xcode.lang.swift; };
		7FF5B2EF1BE64E210044FCE5 /* Base */ = {isa = PBXFileReference; lastKnownFileType = file.storyboard; name = Base; path = Base.lproj/Player.storyboard; sourceTree = "<group>"; };
		7FF5B2F11BE64E210044FCE5 /* Assets.xcassets */ = {isa = PBXFileReference; lastKnownFileType = folder.assetcatalog; path = Assets.xcassets; sourceTree = "<group>"; };
		7FF5B2F41BE64E220044FCE5 /* Base */ = {isa = PBXFileReference; lastKnownFileType = file.storyboard; name = Base; path = Base.lproj/LaunchScreen.storyboard; sourceTree = "<group>"; };
		7FF5B2F61BE64E220044FCE5 /* Info.plist */ = {isa = PBXFileReference; lastKnownFileType = text.plist.xml; path = Info.plist; sourceTree = "<group>"; };
		7FF5B2FB1BE64E220044FCE5 /* EasyMusicTests.xctest */ = {isa = PBXFileReference; explicitFileType = wrapper.cfbundle; includeInIndex = 0; path = EasyMusicTests.xctest; sourceTree = BUILT_PRODUCTS_DIR; };
		7FF5B2FF1BE64E220044FCE5 /* TrackInfoTests.swift */ = {isa = PBXFileReference; lastKnownFileType = sourcecode.swift; lineEnding = 0; path = TrackInfoTests.swift; sourceTree = "<group>"; xcLanguageSpecificationIdentifier = xcode.lang.swift; };
		7FF5B3011BE64E220044FCE5 /* Info.plist */ = {isa = PBXFileReference; lastKnownFileType = text.plist.xml; path = Info.plist; sourceTree = "<group>"; };
		7FF5B3061BE64E220044FCE5 /* EasyMusicUITests.xctest */ = {isa = PBXFileReference; explicitFileType = wrapper.cfbundle; includeInIndex = 0; path = EasyMusicUITests.xctest; sourceTree = BUILT_PRODUCTS_DIR; };
		7FF5B30A1BE64E220044FCE5 /* EasyMusicUITests.swift */ = {isa = PBXFileReference; lastKnownFileType = sourcecode.swift; path = EasyMusicUITests.swift; sourceTree = "<group>"; };
		7FF5B30C1BE64E220044FCE5 /* Info.plist */ = {isa = PBXFileReference; lastKnownFileType = text.plist.xml; path = Info.plist; sourceTree = "<group>"; };
		7FF5B31C1BE654220044FCE5 /* MusicPlayer.swift */ = {isa = PBXFileReference; fileEncoding = 4; lastKnownFileType = sourcecode.swift; lineEnding = 0; path = MusicPlayer.swift; sourceTree = "<group>"; xcLanguageSpecificationIdentifier = xcode.lang.swift; };
		7FF5B31E1BE654470044FCE5 /* MediaPlayer.framework */ = {isa = PBXFileReference; lastKnownFileType = wrapper.framework; name = MediaPlayer.framework; path = System/Library/Frameworks/MediaPlayer.framework; sourceTree = SDKROOT; };
		B61466C4FD6E074EBB25FE26 /* Pods_EasyMusic.framework */ = {isa = PBXFileReference; explicitFileType = wrapper.framework; includeInIndex = 0; path = Pods_EasyMusic.framework; sourceTree = BUILT_PRODUCTS_DIR; };
		B6AF0C638B927CB4E4990927 /* Pods-EasyMusic.debug.xcconfig */ = {isa = PBXFileReference; includeInIndex = 1; lastKnownFileType = text.xcconfig; name = "Pods-EasyMusic.debug.xcconfig"; path = "Pods/Target Support Files/Pods-EasyMusic/Pods-EasyMusic.debug.xcconfig"; sourceTree = "<group>"; };
		BC4F01C2BE123EB3035C25DB /* Pods-EasyMusic.release.xcconfig */ = {isa = PBXFileReference; includeInIndex = 1; lastKnownFileType = text.xcconfig; name = "Pods-EasyMusic.release.xcconfig"; path = "Pods/Target Support Files/Pods-EasyMusic/Pods-EasyMusic.release.xcconfig"; sourceTree = "<group>"; };
		CF96421F3EF081A9D955D898 /* Pods_EasyMusicUITests.framework */ = {isa = PBXFileReference; explicitFileType = wrapper.framework; includeInIndex = 0; path = Pods_EasyMusicUITests.framework; sourceTree = BUILT_PRODUCTS_DIR; };
		EFA01D112E14C0D697975491 /* Pods_EasyMusicTests.framework */ = {isa = PBXFileReference; explicitFileType = wrapper.framework; includeInIndex = 0; path = Pods_EasyMusicTests.framework; sourceTree = BUILT_PRODUCTS_DIR; };
/* End PBXFileReference section */

/* Begin PBXFrameworksBuildPhase section */
		7FF5B2E41BE64E210044FCE5 /* Frameworks */ = {
			isa = PBXFrameworksBuildPhase;
			buildActionMask = 2147483647;
			files = (
				7FCFE90E1BF3AF8F00981545 /* Social.framework in Frameworks */,
				7FB28D591C3B49EE0032F3E0 /* Fabric.framework in Frameworks */,
				7F7A5D051BE916C800D2BC9E /* AVFoundation.framework in Frameworks */,
				7FF5B31F1BE654470044FCE5 /* MediaPlayer.framework in Frameworks */,
				7FB28D5A1C3B49EE0032F3E0 /* Crashlytics.framework in Frameworks */,
				40CFF88B2AAE50748E758C1B /* Pods_EasyMusic.framework in Frameworks */,
			);
			runOnlyForDeploymentPostprocessing = 0;
		};
		7FF5B2F81BE64E220044FCE5 /* Frameworks */ = {
			isa = PBXFrameworksBuildPhase;
			buildActionMask = 2147483647;
			files = (
				7D06559171DABCE979B61AC3 /* Pods_EasyMusicTests.framework in Frameworks */,
			);
			runOnlyForDeploymentPostprocessing = 0;
		};
		7FF5B3031BE64E220044FCE5 /* Frameworks */ = {
			isa = PBXFrameworksBuildPhase;
			buildActionMask = 2147483647;
			files = (
				590BEA1C6FCA42E619B9C700 /* Pods_EasyMusicUITests.framework in Frameworks */,
			);
			runOnlyForDeploymentPostprocessing = 0;
		};
/* End PBXFrameworksBuildPhase section */

/* Begin PBXGroup section */
		7F279C751C02207A0000C4B0 /* Objects */ = {
			isa = PBXGroup;
			children = (
				7F279C731C0220720000C4B0 /* MusicPlayerTests.swift */,
				7F409B991C04ED4500DFD6C4 /* TrackManagerTests.swift */,
				7F409B9B1C04F31600DFD6C4 /* ShareManagerTests.swift */,
				7F92B6F61C1A0F7E00A5273A /* UserDataTests.swift */,
				7F377B461C20B66E0004EBDC /* AnalyticsTests.swift */,
			);
			name = Objects;
			sourceTree = "<group>";
		};
		7F40905B1BF92A2400F449FD /* Resources */ = {
			isa = PBXGroup;
			children = (
				7FF5B3011BE64E220044FCE5 /* Info.plist */,
			);
			name = Resources;
			sourceTree = "<group>";
		};
		7F40905C1BF92AF000F449FD /* Global */ = {
			isa = PBXGroup;
			children = (
				7F4090561BF91BD000F449FD /* Log.swift */,
				7F4090591BF928E800F449FD /* Constants.swift */,
				7FD4F5FD1BFB75B600DCE572 /* GCD.swift */,
				7F6FF2751DF9544200D2A200 /* Localization.swift */,
			);
			name = Global;
			sourceTree = "<group>";
		};
		7F4090641BFA088C00F449FD /* Controllers */ = {
			isa = PBXGroup;
			children = (
				7F4090651BFA091C00F449FD /* PlayerViewControllerTests.swift */,
			);
			name = Controllers;
			sourceTree = "<group>";
		};
		7F409B9F1C0506F600DFD6C4 /* Extensions */ = {
			isa = PBXGroup;
			children = (
				7F409B9D1C0506F300DFD6C4 /* XCTestExtension.swift */,
			);
			name = Extensions;
			sourceTree = "<group>";
		};
		7F7931FF1BEA61D200E2C153 /* Resources */ = {
			isa = PBXGroup;
			children = (
				7FF5B2F61BE64E220044FCE5 /* Info.plist */,
				7FDCC3091DF9D57100E62194 /* InfoPlist.strings */,
				7F3A5F731C119A2E0065F16F /* GoogleService-Info.plist */,
				7FF5B2F11BE64E210044FCE5 /* Assets.xcassets */,
				7FCFE91F1BF4AD7D00981545 /* Xib */,
				7FCFE91D1BF4AD6800981545 /* Storyboard */,
				7FCFE91E1BF4AD7100981545 /* Strings */,
			);
			name = Resources;
			sourceTree = "<group>";
		};
		7F7932021BEA7C8100E2C153 /* Views */ = {
			isa = PBXGroup;
			children = (
				7F7932001BEA7C7E00E2C153 /* ScrubberView.swift */,
				7F8187BC1BF20FDC00BAF398 /* InfoView.swift */,
				7F8187BE1BF2252A00BAF398 /* ControlsView.swift */,
				7F4090541BF7E44900F449FD /* PlayButton.swift */,
				7F92B6F01C19AD0A00A5273A /* RepeatButton.swift */,
				7F377B4C1C221B070004EBDC /* ShuffleButton.swift */,
				7F92B6EC1C1994D600A5273A /* PlayerButton.swift */,
			);
			name = Views;
			sourceTree = "<group>";
		};
		7F7A5CFD1BE8DDF700D2BC9E /* Controllers */ = {
			isa = PBXGroup;
			children = (
				7FF5B2EC1BE64E210044FCE5 /* PlayerViewController.swift */,
			);
			name = Controllers;
			sourceTree = "<group>";
		};
		7F7A5CFE1BE8DDFD00D2BC9E /* Objects */ = {
			isa = PBXGroup;
			children = (
				7FF5B31C1BE654220044FCE5 /* MusicPlayer.swift */,
				7FD4F5FF1BFE1E9A00DCE572 /* TrackManager.swift */,
				7F56AF9E1BE8C6B60033ED07 /* ShareManager.swift */,
				7F92B6F41C1A09F100A5273A /* UserData.swift */,
				7F3A5F761C119AFE0065F16F /* Analytics.swift */,
			);
			name = Objects;
			sourceTree = "<group>";
		};
		7F7A5CFF1BE8DE0100D2BC9E /* Models */ = {
			isa = PBXGroup;
			children = (
				7F7A5CFB1BE8D5A600D2BC9E /* Track.swift */,
			);
			name = Models;
			sourceTree = "<group>";
		};
		7F8187B91BF2011F00BAF398 /* Extensions */ = {
			isa = PBXGroup;
			children = (
				7F8187B71BF2011C00BAF398 /* UIViewExtensions.swift */,
				7FCFE9171BF4A7C300981545 /* UIImageExtensions.swift */,
				7FCFE9151BF4A40600981545 /* UIAlertControllerExtensions.swift */,
				7FA25FC11C088A0B009FB59D /* UIAlertActionExtensions.swift */,
				7FCFE9271BF4B0F500981545 /* NSBundleExtensions.swift */,
				7F4090671BFA096600F449FD /* UIStoryboardExtensions.swift */,
			);
			name = Extensions;
			sourceTree = "<group>";
		};
		7FCFE91D1BF4AD6800981545 /* Storyboard */ = {
			isa = PBXGroup;
			children = (
				7FF5B2EE1BE64E210044FCE5 /* Player.storyboard */,
				7FF5B2F31BE64E220044FCE5 /* LaunchScreen.storyboard */,
			);
			name = Storyboard;
			sourceTree = "<group>";
		};
		7FCFE91E1BF4AD7100981545 /* Strings */ = {
			isa = PBXGroup;
			children = (
				7FCFE9221BF4AFD200981545 /* Models */,
				7FCFE9231BF4AFD600981545 /* Views */,
				7FCFE9241BF4AFE100981545 /* Objects */,
			);
			name = Strings;
			sourceTree = "<group>";
		};
		7FCFE91F1BF4AD7D00981545 /* Xib */ = {
			isa = PBXGroup;
			children = (
				7FA60C991C110B9400D7D2DC /* InfoView.xib */,
				7FA60C9C1C110B9800D7D2DC /* ControlsView.xib */,
				7F9AAE5F1C23135900CB7316 /* ScrubberView.xib */,
			);
			name = Xib;
			sourceTree = "<group>";
		};
		7FCFE9221BF4AFD200981545 /* Models */ = {
			isa = PBXGroup;
			children = (
				7FCFE92B1BF4B26D00981545 /* Track.strings */,
			);
			name = Models;
			sourceTree = "<group>";
		};
		7FCFE9231BF4AFD600981545 /* Views */ = {
			isa = PBXGroup;
			children = (
				7FCFE92E1BF4B27500981545 /* InfoView.strings */,
			);
			name = Views;
			sourceTree = "<group>";
		};
		7FCFE9241BF4AFE100981545 /* Objects */ = {
			isa = PBXGroup;
			children = (
				7FCFE9311BF4B27D00981545 /* PlayerViewController.strings */,
				7FCFE9341BF4B28200981545 /* ShareManager.strings */,
			);
			name = Objects;
			sourceTree = "<group>";
		};
		7FCFE93B1BF4BA2900981545 /* Models */ = {
			isa = PBXGroup;
			children = (
				7FF5B2FF1BE64E220044FCE5 /* TrackInfoTests.swift */,
			);
			name = Models;
			sourceTree = "<group>";
		};
		7FCFE93E1BF4BDE300981545 /* Views */ = {
			isa = PBXGroup;
			children = (
				7FCFE93C1BF4BDDA00981545 /* ScrobbleViewTests.swift */,
				7FCFE93F1BF4D2D700981545 /* InfoViewTests.swift */,
				7F4090521BF65B5E00F449FD /* ControlsViewTests.swift */,
				7F92B6EE1C19979200A5273A /* PlayerButtonTests.swift */,
				7F40905E1BF92F7A00F449FD /* PlayButtonTests.swift */,
				7F92B6F21C19ADFF00A5273A /* RepeatButtonTests.swift */,
				7F377B4E1C221C8D0004EBDC /* ShuffleButtonTests.swift */,
			);
			name = Views;
			sourceTree = "<group>";
		};
		7FF5B2DE1BE64E210044FCE5 = {
			isa = PBXGroup;
			children = (
				7F163D321EDEEDA400DC52B6 /* change-log.txt */,
				7FF5B3201BE6544B0044FCE5 /* Frameworks */,
				7FF5B2E91BE64E210044FCE5 /* EasyMusic */,
				7FF5B2FE1BE64E220044FCE5 /* EasyMusicTests */,
				7FF5B3091BE64E220044FCE5 /* EasyMusicUITests */,
				7FF5B2E81BE64E210044FCE5 /* Products */,
				CF198713C392E0D898EBBD23 /* Pods */,
			);
			sourceTree = "<group>";
		};
		7FF5B2E81BE64E210044FCE5 /* Products */ = {
			isa = PBXGroup;
			children = (
				7FF5B2E71BE64E210044FCE5 /* EasyMusic.app */,
				7FF5B2FB1BE64E220044FCE5 /* EasyMusicTests.xctest */,
				7FF5B3061BE64E220044FCE5 /* EasyMusicUITests.xctest */,
			);
			name = Products;
			sourceTree = "<group>";
		};
		7FF5B2E91BE64E210044FCE5 /* EasyMusic */ = {
			isa = PBXGroup;
			children = (
				7FF5B2EA1BE64E210044FCE5 /* AppDelegate.swift */,
				7FD1D9741DFC2E9F002BDFB6 /* EasyMusic-Bridging-Header.h */,
				7F7A5CFF1BE8DE0100D2BC9E /* Models */,
				7F7932021BEA7C8100E2C153 /* Views */,
				7F7A5CFD1BE8DDF700D2BC9E /* Controllers */,
				7F7A5CFE1BE8DDFD00D2BC9E /* Objects */,
				7F40905C1BF92AF000F449FD /* Global */,
				7F8187B91BF2011F00BAF398 /* Extensions */,
				7F7931FF1BEA61D200E2C153 /* Resources */,
			);
			path = EasyMusic;
			sourceTree = "<group>";
		};
		7FF5B2FE1BE64E220044FCE5 /* EasyMusicTests */ = {
			isa = PBXGroup;
			children = (
				7FE56F721C18702A00DAF1EE /* AppDelegateTests.swift */,
				7FCFE93B1BF4BA2900981545 /* Models */,
				7FCFE93E1BF4BDE300981545 /* Views */,
				7F4090641BFA088C00F449FD /* Controllers */,
				7F279C751C02207A0000C4B0 /* Objects */,
				7F409B9F1C0506F600DFD6C4 /* Extensions */,
				7F40905B1BF92A2400F449FD /* Resources */,
			);
			path = EasyMusicTests;
			sourceTree = "<group>";
		};
		7FF5B3091BE64E220044FCE5 /* EasyMusicUITests */ = {
			isa = PBXGroup;
			children = (
				7FF5B30A1BE64E220044FCE5 /* EasyMusicUITests.swift */,
				7FF5B30C1BE64E220044FCE5 /* Info.plist */,
			);
			path = EasyMusicUITests;
			sourceTree = "<group>";
		};
		7FF5B3201BE6544B0044FCE5 /* Frameworks */ = {
			isa = PBXGroup;
			children = (
				7FCFE90D1BF3AF8F00981545 /* Social.framework */,
				7F7A5D041BE916C800D2BC9E /* AVFoundation.framework */,
				7FF5B31E1BE654470044FCE5 /* MediaPlayer.framework */,
				7FB28D571C3B49EE0032F3E0 /* Fabric.framework */,
				7FB28D581C3B49EE0032F3E0 /* Crashlytics.framework */,
				B61466C4FD6E074EBB25FE26 /* Pods_EasyMusic.framework */,
				EFA01D112E14C0D697975491 /* Pods_EasyMusicTests.framework */,
				CF96421F3EF081A9D955D898 /* Pods_EasyMusicUITests.framework */,
			);
			name = Frameworks;
			sourceTree = "<group>";
		};
		CF198713C392E0D898EBBD23 /* Pods */ = {
			isa = PBXGroup;
			children = (
				B6AF0C638B927CB4E4990927 /* Pods-EasyMusic.debug.xcconfig */,
				BC4F01C2BE123EB3035C25DB /* Pods-EasyMusic.release.xcconfig */,
				0AFD6E8B662F74CD13E33A24 /* Pods-EasyMusicTests.debug.xcconfig */,
				73194378346170EED6CC9EF5 /* Pods-EasyMusicTests.release.xcconfig */,
				5100AE4777D559F567BF6CE3 /* Pods-EasyMusicUITests.debug.xcconfig */,
				0EB082B6DE418C265699C954 /* Pods-EasyMusicUITests.release.xcconfig */,
			);
			name = Pods;
			sourceTree = "<group>";
		};
/* End PBXGroup section */

/* Begin PBXNativeTarget section */
		7FF5B2E61BE64E210044FCE5 /* EasyMusic */ = {
			isa = PBXNativeTarget;
			buildConfigurationList = 7FF5B30F1BE64E220044FCE5 /* Build configuration list for PBXNativeTarget "EasyMusic" */;
			buildPhases = (
				06AADD432B9AA84EE4884B13 /* [CP] Check Pods Manifest.lock */,
				7F9AAE5A1C23072B00CB7316 /* Run Script */,
				7FF5B2E31BE64E210044FCE5 /* Sources */,
				7FF5B2E41BE64E210044FCE5 /* Frameworks */,
				7FF5B2E51BE64E210044FCE5 /* Resources */,
				7F8187AF1BF1FA4200BAF398 /* Embed Frameworks */,
				7FB28D561C3B49B60032F3E0 /* ShellScript */,
				A777BE21AC802E0EC5564A19 /* [CP] Embed Pods Frameworks */,
				1F17CC11C61D8108CBC49174 /* [CP] Copy Pods Resources */,
			);
			buildRules = (
			);
			dependencies = (
			);
			name = EasyMusic;
			productName = EasyMusic;
			productReference = 7FF5B2E71BE64E210044FCE5 /* EasyMusic.app */;
			productType = "com.apple.product-type.application";
		};
		7FF5B2FA1BE64E220044FCE5 /* EasyMusicTests */ = {
			isa = PBXNativeTarget;
			buildConfigurationList = 7FF5B3121BE64E220044FCE5 /* Build configuration list for PBXNativeTarget "EasyMusicTests" */;
			buildPhases = (
				352DD405F4141D4512B761E2 /* [CP] Check Pods Manifest.lock */,
				7FF5B2F71BE64E220044FCE5 /* Sources */,
				7FF5B2F81BE64E220044FCE5 /* Frameworks */,
				7FF5B2F91BE64E220044FCE5 /* Resources */,
				F9FAEFB25288DDE996CD4855 /* [CP] Embed Pods Frameworks */,
				02A839066548B495457D4074 /* [CP] Copy Pods Resources */,
			);
			buildRules = (
			);
			dependencies = (
				7FF5B2FD1BE64E220044FCE5 /* PBXTargetDependency */,
			);
			name = EasyMusicTests;
			productName = EasyMusicTests;
			productReference = 7FF5B2FB1BE64E220044FCE5 /* EasyMusicTests.xctest */;
			productType = "com.apple.product-type.bundle.unit-test";
		};
		7FF5B3051BE64E220044FCE5 /* EasyMusicUITests */ = {
			isa = PBXNativeTarget;
			buildConfigurationList = 7FF5B3151BE64E220044FCE5 /* Build configuration list for PBXNativeTarget "EasyMusicUITests" */;
			buildPhases = (
				EF9ABF0AC86EEB745AD9C921 /* [CP] Check Pods Manifest.lock */,
				7FF5B3021BE64E220044FCE5 /* Sources */,
				7FF5B3031BE64E220044FCE5 /* Frameworks */,
				7FF5B3041BE64E220044FCE5 /* Resources */,
				B39DCEE2472403E84E8C010B /* [CP] Copy Pods Resources */,
				42C3E850EBF519BBFD0CDC88 /* [CP] Embed Pods Frameworks */,
			);
			buildRules = (
			);
			dependencies = (
				7FF5B3081BE64E220044FCE5 /* PBXTargetDependency */,
			);
			name = EasyMusicUITests;
			productName = EasyMusicUITests;
			productReference = 7FF5B3061BE64E220044FCE5 /* EasyMusicUITests.xctest */;
			productType = "com.apple.product-type.bundle.ui-testing";
		};
/* End PBXNativeTarget section */

/* Begin PBXProject section */
		7FF5B2DF1BE64E210044FCE5 /* Project object */ = {
			isa = PBXProject;
			attributes = {
				LastSwiftUpdateCheck = 0710;
				LastUpgradeCheck = 0810;
				ORGANIZATIONNAME = "Lee Arromba";
				TargetAttributes = {
					7FF5B2E61BE64E210044FCE5 = {
						CreatedOnToolsVersion = 7.0.1;
						DevelopmentTeam = Q25J5XBNX4;
						LastSwiftMigration = 0810;
						SystemCapabilities = {
							com.apple.Keychain = {
								enabled = 0;
							};
						};
					};
					7FF5B2FA1BE64E220044FCE5 = {
						CreatedOnToolsVersion = 7.0.1;
						LastSwiftMigration = 0810;
						TestTargetID = 7FF5B2E61BE64E210044FCE5;
					};
					7FF5B3051BE64E220044FCE5 = {
						CreatedOnToolsVersion = 7.0.1;
						LastSwiftMigration = 0810;
						TestTargetID = 7FF5B2E61BE64E210044FCE5;
					};
				};
			};
			buildConfigurationList = 7FF5B2E21BE64E210044FCE5 /* Build configuration list for PBXProject "EasyMusic" */;
			compatibilityVersion = "Xcode 3.2";
			developmentRegion = English;
			hasScannedForEncodings = 0;
			knownRegions = (
				en,
				Base,
				de,
				fr,
				it,
				"zh-Hans",
				ja,
				ru,
			);
			mainGroup = 7FF5B2DE1BE64E210044FCE5;
			productRefGroup = 7FF5B2E81BE64E210044FCE5 /* Products */;
			projectDirPath = "";
			projectRoot = "";
			targets = (
				7FF5B2E61BE64E210044FCE5 /* EasyMusic */,
				7FF5B2FA1BE64E220044FCE5 /* EasyMusicTests */,
				7FF5B3051BE64E220044FCE5 /* EasyMusicUITests */,
			);
		};
/* End PBXProject section */

/* Begin PBXResourcesBuildPhase section */
		7FF5B2E51BE64E210044FCE5 /* Resources */ = {
			isa = PBXResourcesBuildPhase;
			buildActionMask = 2147483647;
			files = (
				7FCFE9321BF4B28200981545 /* ShareManager.strings in Resources */,
				7FDCC3071DF9D57100E62194 /* InfoPlist.strings in Resources */,
				7FF5B2F51BE64E220044FCE5 /* LaunchScreen.storyboard in Resources */,
				7F9AAE611C23135900CB7316 /* ScrubberView.xib in Resources */,
				7FCFE92F1BF4B27D00981545 /* PlayerViewController.strings in Resources */,
				7FA60C971C110B9400D7D2DC /* InfoView.xib in Resources */,
				7FCFE9291BF4B26D00981545 /* Track.strings in Resources */,
				7FF5B2F21BE64E220044FCE5 /* Assets.xcassets in Resources */,
				7FA60C9A1C110B9800D7D2DC /* ControlsView.xib in Resources */,
				7F3A5F741C119A2E0065F16F /* GoogleService-Info.plist in Resources */,
				7FCFE92C1BF4B27500981545 /* InfoView.strings in Resources */,
				7FF5B2F01BE64E210044FCE5 /* Player.storyboard in Resources */,
			);
			runOnlyForDeploymentPostprocessing = 0;
		};
		7FF5B2F91BE64E220044FCE5 /* Resources */ = {
			isa = PBXResourcesBuildPhase;
			buildActionMask = 2147483647;
			files = (
			);
			runOnlyForDeploymentPostprocessing = 0;
		};
		7FF5B3041BE64E220044FCE5 /* Resources */ = {
			isa = PBXResourcesBuildPhase;
			buildActionMask = 2147483647;
			files = (
			);
			runOnlyForDeploymentPostprocessing = 0;
		};
/* End PBXResourcesBuildPhase section */

/* Begin PBXShellScriptBuildPhase section */
		02A839066548B495457D4074 /* [CP] Copy Pods Resources */ = {
			isa = PBXShellScriptBuildPhase;
			buildActionMask = 2147483647;
			files = (
			);
			inputPaths = (
			);
			name = "[CP] Copy Pods Resources";
			outputPaths = (
			);
			runOnlyForDeploymentPostprocessing = 0;
			shellPath = /bin/sh;
			shellScript = "\"${SRCROOT}/Pods/Target Support Files/Pods-EasyMusicTests/Pods-EasyMusicTests-resources.sh\"\n";
			showEnvVarsInLog = 0;
		};
		06AADD432B9AA84EE4884B13 /* [CP] Check Pods Manifest.lock */ = {
			isa = PBXShellScriptBuildPhase;
			buildActionMask = 2147483647;
			files = (
			);
			inputPaths = (
			);
			name = "[CP] Check Pods Manifest.lock";
			outputPaths = (
			);
			runOnlyForDeploymentPostprocessing = 0;
			shellPath = /bin/sh;
			shellScript = "diff \"${PODS_ROOT}/../Podfile.lock\" \"${PODS_ROOT}/Manifest.lock\" > /dev/null\nif [ $? != 0 ] ; then\n    # print error to STDERR\n    echo \"error: The sandbox is not in sync with the Podfile.lock. Run 'pod install' or update your CocoaPods installation.\" >&2\n    exit 1\nfi\n";
			showEnvVarsInLog = 0;
		};
		1F17CC11C61D8108CBC49174 /* [CP] Copy Pods Resources */ = {
			isa = PBXShellScriptBuildPhase;
			buildActionMask = 2147483647;
			files = (
			);
			inputPaths = (
			);
			name = "[CP] Copy Pods Resources";
			outputPaths = (
			);
			runOnlyForDeploymentPostprocessing = 0;
			shellPath = /bin/sh;
			shellScript = "\"${SRCROOT}/Pods/Target Support Files/Pods-EasyMusic/Pods-EasyMusic-resources.sh\"\n";
			showEnvVarsInLog = 0;
		};
		352DD405F4141D4512B761E2 /* [CP] Check Pods Manifest.lock */ = {
			isa = PBXShellScriptBuildPhase;
			buildActionMask = 2147483647;
			files = (
			);
			inputPaths = (
			);
			name = "[CP] Check Pods Manifest.lock";
			outputPaths = (
			);
			runOnlyForDeploymentPostprocessing = 0;
			shellPath = /bin/sh;
			shellScript = "diff \"${PODS_ROOT}/../Podfile.lock\" \"${PODS_ROOT}/Manifest.lock\" > /dev/null\nif [ $? != 0 ] ; then\n    # print error to STDERR\n    echo \"error: The sandbox is not in sync with the Podfile.lock. Run 'pod install' or update your CocoaPods installation.\" >&2\n    exit 1\nfi\n";
			showEnvVarsInLog = 0;
		};
		42C3E850EBF519BBFD0CDC88 /* [CP] Embed Pods Frameworks */ = {
			isa = PBXShellScriptBuildPhase;
			buildActionMask = 2147483647;
			files = (
			);
			inputPaths = (
			);
			name = "[CP] Embed Pods Frameworks";
			outputPaths = (
			);
			runOnlyForDeploymentPostprocessing = 0;
			shellPath = /bin/sh;
			shellScript = "\"${SRCROOT}/Pods/Target Support Files/Pods-EasyMusicUITests/Pods-EasyMusicUITests-frameworks.sh\"\n";
			showEnvVarsInLog = 0;
		};
		7F9AAE5A1C23072B00CB7316 /* Run Script */ = {
			isa = PBXShellScriptBuildPhase;
			buildActionMask = 2147483647;
			files = (
			);
			inputPaths = (
			);
			name = "Run Script";
			outputPaths = (
			);
			runOnlyForDeploymentPostprocessing = 0;
			shellPath = /bin/sh;
			shellScript = "sh base-lang.sh";
		};
		7FB28D561C3B49B60032F3E0 /* ShellScript */ = {
			isa = PBXShellScriptBuildPhase;
			buildActionMask = 2147483647;
			files = (
			);
			inputPaths = (
			);
			outputPaths = (
			);
			runOnlyForDeploymentPostprocessing = 0;
			shellPath = /bin/sh;
			shellScript = "./Fabric.framework/run cb81e37b184ac262f9d20e5cee8a9bb74a19a269 ebaa1da959ef2388924c7c3a574371c36191fccf2c30c3434e85d9384db139ac";
		};
		A777BE21AC802E0EC5564A19 /* [CP] Embed Pods Frameworks */ = {
			isa = PBXShellScriptBuildPhase;
			buildActionMask = 2147483647;
			files = (
			);
			inputPaths = (
			);
			name = "[CP] Embed Pods Frameworks";
			outputPaths = (
			);
			runOnlyForDeploymentPostprocessing = 0;
			shellPath = /bin/sh;
			shellScript = "\"${SRCROOT}/Pods/Target Support Files/Pods-EasyMusic/Pods-EasyMusic-frameworks.sh\"\n";
			showEnvVarsInLog = 0;
		};
		B39DCEE2472403E84E8C010B /* [CP] Copy Pods Resources */ = {
			isa = PBXShellScriptBuildPhase;
			buildActionMask = 2147483647;
			files = (
			);
			inputPaths = (
			);
			name = "[CP] Copy Pods Resources";
			outputPaths = (
			);
			runOnlyForDeploymentPostprocessing = 0;
			shellPath = /bin/sh;
			shellScript = "\"${SRCROOT}/Pods/Target Support Files/Pods-EasyMusicUITests/Pods-EasyMusicUITests-resources.sh\"\n";
			showEnvVarsInLog = 0;
		};
		EF9ABF0AC86EEB745AD9C921 /* [CP] Check Pods Manifest.lock */ = {
			isa = PBXShellScriptBuildPhase;
			buildActionMask = 2147483647;
			files = (
			);
			inputPaths = (
			);
			name = "[CP] Check Pods Manifest.lock";
			outputPaths = (
			);
			runOnlyForDeploymentPostprocessing = 0;
			shellPath = /bin/sh;
			shellScript = "diff \"${PODS_ROOT}/../Podfile.lock\" \"${PODS_ROOT}/Manifest.lock\" > /dev/null\nif [ $? != 0 ] ; then\n    # print error to STDERR\n    echo \"error: The sandbox is not in sync with the Podfile.lock. Run 'pod install' or update your CocoaPods installation.\" >&2\n    exit 1\nfi\n";
			showEnvVarsInLog = 0;
		};
		F9FAEFB25288DDE996CD4855 /* [CP] Embed Pods Frameworks */ = {
			isa = PBXShellScriptBuildPhase;
			buildActionMask = 2147483647;
			files = (
			);
			inputPaths = (
			);
			name = "[CP] Embed Pods Frameworks";
			outputPaths = (
			);
			runOnlyForDeploymentPostprocessing = 0;
			shellPath = /bin/sh;
			shellScript = "\"${SRCROOT}/Pods/Target Support Files/Pods-EasyMusicTests/Pods-EasyMusicTests-frameworks.sh\"\n";
			showEnvVarsInLog = 0;
		};
/* End PBXShellScriptBuildPhase section */

/* Begin PBXSourcesBuildPhase section */
		7FF5B2E31BE64E210044FCE5 /* Sources */ = {
			isa = PBXSourcesBuildPhase;
			buildActionMask = 2147483647;
			files = (
				7FF5B2ED1BE64E210044FCE5 /* PlayerViewController.swift in Sources */,
				7F40905A1BF928E800F449FD /* Constants.swift in Sources */,
				7F8187BD1BF20FDC00BAF398 /* InfoView.swift in Sources */,
				7FD4F5FE1BFB75B600DCE572 /* GCD.swift in Sources */,
				7FA25FC21C088A0B009FB59D /* UIAlertActionExtensions.swift in Sources */,
				7FCFE9161BF4A40600981545 /* UIAlertControllerExtensions.swift in Sources */,
				7FF5B31D1BE654220044FCE5 /* MusicPlayer.swift in Sources */,
				7F4090681BFA096600F449FD /* UIStoryboardExtensions.swift in Sources */,
				7F3A5F771C119AFE0065F16F /* Analytics.swift in Sources */,
				7FF5B2EB1BE64E210044FCE5 /* AppDelegate.swift in Sources */,
				7FCFE9181BF4A7C300981545 /* UIImageExtensions.swift in Sources */,
				7F92B6F11C19AD0A00A5273A /* RepeatButton.swift in Sources */,
				7F4090571BF91BD000F449FD /* Log.swift in Sources */,
				7F92B6ED1C1994D600A5273A /* PlayerButton.swift in Sources */,
				7F8187BF1BF2252A00BAF398 /* ControlsView.swift in Sources */,
				7F56AF9F1BE8C6B60033ED07 /* ShareManager.swift in Sources */,
				7FCFE9281BF4B0F500981545 /* NSBundleExtensions.swift in Sources */,
				7F8187B81BF2011C00BAF398 /* UIViewExtensions.swift in Sources */,
				7F6FF2761DF9544200D2A200 /* Localization.swift in Sources */,
				7F92B6F51C1A09F100A5273A /* UserData.swift in Sources */,
				7F4090551BF7E44900F449FD /* PlayButton.swift in Sources */,
				7F8187B51BF1FB9F00BAF398 /* ScrubberView.swift in Sources */,
				7FD4F6001BFE1E9A00DCE572 /* TrackManager.swift in Sources */,
				7F7A5CFC1BE8D5A600D2BC9E /* Track.swift in Sources */,
				7F377B4D1C221B070004EBDC /* ShuffleButton.swift in Sources */,
			);
			runOnlyForDeploymentPostprocessing = 0;
		};
		7FF5B2F71BE64E220044FCE5 /* Sources */ = {
			isa = PBXSourcesBuildPhase;
			buildActionMask = 2147483647;
			files = (
				7FE56F731C18702A00DAF1EE /* AppDelegateTests.swift in Sources */,
				7F279C741C0220720000C4B0 /* MusicPlayerTests.swift in Sources */,
				7F92B6EF1C19979200A5273A /* PlayerButtonTests.swift in Sources */,
				7F409B9C1C04F31600DFD6C4 /* ShareManagerTests.swift in Sources */,
				7FCFE9401BF4D2D700981545 /* InfoViewTests.swift in Sources */,
				7F4090531BF65B5E00F449FD /* ControlsViewTests.swift in Sources */,
				7F92B6F71C1A0F7E00A5273A /* UserDataTests.swift in Sources */,
				7FF5B3001BE64E220044FCE5 /* TrackInfoTests.swift in Sources */,
				7F4090661BFA091C00F449FD /* PlayerViewControllerTests.swift in Sources */,
				7F377B471C20B66E0004EBDC /* AnalyticsTests.swift in Sources */,
				7F409B9A1C04ED4500DFD6C4 /* TrackManagerTests.swift in Sources */,
				7F40905F1BF92F7A00F449FD /* PlayButtonTests.swift in Sources */,
				7F409B9E1C0506F300DFD6C4 /* XCTestExtension.swift in Sources */,
				7FCFE93D1BF4BDDA00981545 /* ScrobbleViewTests.swift in Sources */,
				7F92B6F31C19ADFF00A5273A /* RepeatButtonTests.swift in Sources */,
				7F377B4F1C221C8D0004EBDC /* ShuffleButtonTests.swift in Sources */,
			);
			runOnlyForDeploymentPostprocessing = 0;
		};
		7FF5B3021BE64E220044FCE5 /* Sources */ = {
			isa = PBXSourcesBuildPhase;
			buildActionMask = 2147483647;
			files = (
				7FF5B30B1BE64E220044FCE5 /* EasyMusicUITests.swift in Sources */,
			);
			runOnlyForDeploymentPostprocessing = 0;
		};
/* End PBXSourcesBuildPhase section */

/* Begin PBXTargetDependency section */
		7FF5B2FD1BE64E220044FCE5 /* PBXTargetDependency */ = {
			isa = PBXTargetDependency;
			target = 7FF5B2E61BE64E210044FCE5 /* EasyMusic */;
			targetProxy = 7FF5B2FC1BE64E220044FCE5 /* PBXContainerItemProxy */;
		};
		7FF5B3081BE64E220044FCE5 /* PBXTargetDependency */ = {
			isa = PBXTargetDependency;
			target = 7FF5B2E61BE64E210044FCE5 /* EasyMusic */;
			targetProxy = 7FF5B3071BE64E220044FCE5 /* PBXContainerItemProxy */;
		};
/* End PBXTargetDependency section */

/* Begin PBXVariantGroup section */
		7F9AAE5F1C23135900CB7316 /* ScrubberView.xib */ = {
			isa = PBXVariantGroup;
			children = (
				7F9AAE601C23135900CB7316 /* Base */,
			);
			name = ScrubberView.xib;
			sourceTree = "<group>";
		};
		7FA60C991C110B9400D7D2DC /* InfoView.xib */ = {
			isa = PBXVariantGroup;
			children = (
				7FA60C981C110B9400D7D2DC /* Base */,
			);
			name = InfoView.xib;
			sourceTree = "<group>";
		};
		7FA60C9C1C110B9800D7D2DC /* ControlsView.xib */ = {
			isa = PBXVariantGroup;
			children = (
				7FA60C9B1C110B9800D7D2DC /* Base */,
			);
			name = ControlsView.xib;
			sourceTree = "<group>";
		};
		7FCFE92B1BF4B26D00981545 /* Track.strings */ = {
			isa = PBXVariantGroup;
			children = (
				7FCFE92A1BF4B26D00981545 /* en */,
				7FCFE9381BF4B28E00981545 /* Base */,
				7F9AAE5B1C2312DA00CB7316 /* de */,
				7F9AAE621C246E0900CB7316 /* fr */,
				7F9AAE661C24705500CB7316 /* it */,
				7F9AAE6A1C2471A300CB7316 /* zh-Hans */,
				7F9AAE6E1C2472F900CB7316 /* ja */,
				7F9AAE721C2474AD00CB7316 /* ru */,
			);
			name = Track.strings;
			sourceTree = "<group>";
		};
		7FCFE92E1BF4B27500981545 /* InfoView.strings */ = {
			isa = PBXVariantGroup;
			children = (
				7FCFE92D1BF4B27500981545 /* en */,
				7FCFE9371BF4B28C00981545 /* Base */,
				7F9AAE5C1C2312DA00CB7316 /* de */,
				7F9AAE631C246E0900CB7316 /* fr */,
				7F9AAE671C24705500CB7316 /* it */,
				7F9AAE6B1C2471A300CB7316 /* zh-Hans */,
				7F9AAE6F1C2472F900CB7316 /* ja */,
				7F9AAE731C2474AD00CB7316 /* ru */,
			);
			name = InfoView.strings;
			sourceTree = "<group>";
		};
		7FCFE9311BF4B27D00981545 /* PlayerViewController.strings */ = {
			isa = PBXVariantGroup;
			children = (
				7FCFE9301BF4B27D00981545 /* en */,
				7FCFE9361BF4B28900981545 /* Base */,
				7F9AAE5D1C2312DA00CB7316 /* de */,
				7F9AAE641C246E0900CB7316 /* fr */,
				7F9AAE681C24705500CB7316 /* it */,
				7F9AAE6C1C2471A300CB7316 /* zh-Hans */,
				7F9AAE701C2472F900CB7316 /* ja */,
				7F9AAE741C2474AD00CB7316 /* ru */,
			);
			name = PlayerViewController.strings;
			sourceTree = "<group>";
		};
		7FCFE9341BF4B28200981545 /* ShareManager.strings */ = {
			isa = PBXVariantGroup;
			children = (
				7FCFE9331BF4B28200981545 /* en */,
				7FCFE9351BF4B28700981545 /* Base */,
				7F9AAE5E1C2312DA00CB7316 /* de */,
				7F9AAE651C246E0900CB7316 /* fr */,
				7F9AAE691C24705500CB7316 /* it */,
				7F9AAE6D1C2471A300CB7316 /* zh-Hans */,
				7F9AAE711C2472F900CB7316 /* ja */,
				7F9AAE751C2474AD00CB7316 /* ru */,
			);
			name = ShareManager.strings;
			sourceTree = "<group>";
		};
		7FDCC3091DF9D57100E62194 /* InfoPlist.strings */ = {
			isa = PBXVariantGroup;
			children = (
				7FDCC3081DF9D57100E62194 /* en */,
				7FDCC30A1DF9D57600E62194 /* Base */,
				7FDCC30B1DF9D57700E62194 /* de */,
				7FDCC30C1DF9D57700E62194 /* fr */,
				7FDCC30D1DF9D57800E62194 /* it */,
				7FDCC30E1DF9D57800E62194 /* zh-Hans */,
				7FDCC30F1DF9D57B00E62194 /* ja */,
				7FDCC3101DF9D57F00E62194 /* ru */,
			);
			name = InfoPlist.strings;
			sourceTree = "<group>";
		};
		7FF5B2EE1BE64E210044FCE5 /* Player.storyboard */ = {
			isa = PBXVariantGroup;
			children = (
				7FF5B2EF1BE64E210044FCE5 /* Base */,
			);
			name = Player.storyboard;
			sourceTree = "<group>";
		};
		7FF5B2F31BE64E220044FCE5 /* LaunchScreen.storyboard */ = {
			isa = PBXVariantGroup;
			children = (
				7FF5B2F41BE64E220044FCE5 /* Base */,
			);
			name = LaunchScreen.storyboard;
			sourceTree = "<group>";
		};
/* End PBXVariantGroup section */

/* Begin XCBuildConfiguration section */
		7FF5B30D1BE64E220044FCE5 /* Debug */ = {
			isa = XCBuildConfiguration;
			buildSettings = {
				ALWAYS_EMBED_SWIFT_STANDARD_LIBRARIES = "$(inherited)";
				ALWAYS_SEARCH_USER_PATHS = NO;
				CLANG_ANALYZER_LOCALIZABILITY_NONLOCALIZED = YES;
				CLANG_CXX_LANGUAGE_STANDARD = "gnu++0x";
				CLANG_CXX_LIBRARY = "libc++";
				CLANG_ENABLE_MODULES = YES;
				CLANG_ENABLE_OBJC_ARC = YES;
				CLANG_WARN_BOOL_CONVERSION = YES;
				CLANG_WARN_CONSTANT_CONVERSION = YES;
				CLANG_WARN_DIRECT_OBJC_ISA_USAGE = YES_ERROR;
				CLANG_WARN_EMPTY_BODY = YES;
				CLANG_WARN_ENUM_CONVERSION = YES;
				CLANG_WARN_INFINITE_RECURSION = YES;
				CLANG_WARN_INT_CONVERSION = YES;
				CLANG_WARN_OBJC_ROOT_CLASS = YES_ERROR;
				CLANG_WARN_SUSPICIOUS_MOVE = YES;
				CLANG_WARN_UNREACHABLE_CODE = YES;
				CLANG_WARN__DUPLICATE_METHOD_MATCH = YES;
				"CODE_SIGN_IDENTITY[sdk=iphoneos*]" = "iPhone Developer";
				COPY_PHASE_STRIP = NO;
				DEBUG_INFORMATION_FORMAT = dwarf;
				ENABLE_STRICT_OBJC_MSGSEND = YES;
				ENABLE_TESTABILITY = YES;
				GCC_C_LANGUAGE_STANDARD = gnu99;
				GCC_DYNAMIC_NO_PIC = NO;
				GCC_NO_COMMON_BLOCKS = YES;
				GCC_OPTIMIZATION_LEVEL = 0;
				GCC_PREPROCESSOR_DEFINITIONS = (
					"DEBUG=1",
					"$(inherited)",
				);
				GCC_WARN_64_TO_32_BIT_CONVERSION = YES;
				GCC_WARN_ABOUT_RETURN_TYPE = YES_ERROR;
				GCC_WARN_UNDECLARED_SELECTOR = YES;
				GCC_WARN_UNINITIALIZED_AUTOS = YES_AGGRESSIVE;
				GCC_WARN_UNUSED_FUNCTION = YES;
				GCC_WARN_UNUSED_VARIABLE = YES;
				IPHONEOS_DEPLOYMENT_TARGET = 9.0;
				MTL_ENABLE_DEBUG_INFO = YES;
				ONLY_ACTIVE_ARCH = YES;
				SDKROOT = iphoneos;
				SWIFT_OPTIMIZATION_LEVEL = "-Onone";
				TARGETED_DEVICE_FAMILY = "1,2";
			};
			name = Debug;
		};
		7FF5B30E1BE64E220044FCE5 /* Release */ = {
			isa = XCBuildConfiguration;
			buildSettings = {
				ALWAYS_EMBED_SWIFT_STANDARD_LIBRARIES = "$(inherited)";
				ALWAYS_SEARCH_USER_PATHS = NO;
				CLANG_ANALYZER_LOCALIZABILITY_NONLOCALIZED = YES;
				CLANG_CXX_LANGUAGE_STANDARD = "gnu++0x";
				CLANG_CXX_LIBRARY = "libc++";
				CLANG_ENABLE_MODULES = YES;
				CLANG_ENABLE_OBJC_ARC = YES;
				CLANG_WARN_BOOL_CONVERSION = YES;
				CLANG_WARN_CONSTANT_CONVERSION = YES;
				CLANG_WARN_DIRECT_OBJC_ISA_USAGE = YES_ERROR;
				CLANG_WARN_EMPTY_BODY = YES;
				CLANG_WARN_ENUM_CONVERSION = YES;
				CLANG_WARN_INFINITE_RECURSION = YES;
				CLANG_WARN_INT_CONVERSION = YES;
				CLANG_WARN_OBJC_ROOT_CLASS = YES_ERROR;
				CLANG_WARN_SUSPICIOUS_MOVE = YES;
				CLANG_WARN_UNREACHABLE_CODE = YES;
				CLANG_WARN__DUPLICATE_METHOD_MATCH = YES;
				"CODE_SIGN_IDENTITY[sdk=iphoneos*]" = "iPhone Developer";
				COPY_PHASE_STRIP = NO;
				DEBUG_INFORMATION_FORMAT = "dwarf-with-dsym";
				ENABLE_NS_ASSERTIONS = NO;
				ENABLE_STRICT_OBJC_MSGSEND = YES;
				GCC_C_LANGUAGE_STANDARD = gnu99;
				GCC_NO_COMMON_BLOCKS = YES;
				GCC_WARN_64_TO_32_BIT_CONVERSION = YES;
				GCC_WARN_ABOUT_RETURN_TYPE = YES_ERROR;
				GCC_WARN_UNDECLARED_SELECTOR = YES;
				GCC_WARN_UNINITIALIZED_AUTOS = YES_AGGRESSIVE;
				GCC_WARN_UNUSED_FUNCTION = YES;
				GCC_WARN_UNUSED_VARIABLE = YES;
				IPHONEOS_DEPLOYMENT_TARGET = 9.0;
				MTL_ENABLE_DEBUG_INFO = NO;
				SDKROOT = iphoneos;
				SWIFT_OPTIMIZATION_LEVEL = "-Owholemodule";
				TARGETED_DEVICE_FAMILY = "1,2";
				VALIDATE_PRODUCT = YES;
			};
			name = Release;
		};
		7FF5B3101BE64E220044FCE5 /* Debug */ = {
			isa = XCBuildConfiguration;
			baseConfigurationReference = B6AF0C638B927CB4E4990927 /* Pods-EasyMusic.debug.xcconfig */;
			buildSettings = {
				ASSETCATALOG_COMPILER_APPICON_NAME = AppIcon;
				CODE_SIGN_IDENTITY = "iPhone Developer";
				"CODE_SIGN_IDENTITY[sdk=iphoneos*]" = "iPhone Developer";
				DEBUG_INFORMATION_FORMAT = "dwarf-with-dsym";
				EMBEDDED_CONTENT_CONTAINS_SWIFT = YES;
				ENABLE_BITCODE = YES;
				FRAMEWORK_SEARCH_PATHS = (
					"$(inherited)",
					"$(PROJECT_DIR)",
				);
				INFOPLIST_FILE = EasyMusic/Info.plist;
				IPHONEOS_DEPLOYMENT_TARGET = 9.1;
				LD_RUNPATH_SEARCH_PATHS = "$(inherited) @executable_path/Frameworks";
				OTHER_SWIFT_FLAGS = "-DDEBUG";
				PRODUCT_BUNDLE_IDENTIFIER = com.pinkchicken.easymusicplayer;
				PRODUCT_NAME = "$(TARGET_NAME)";
				PROVISIONING_PROFILE = "";
				SWIFT_OBJC_BRIDGING_HEADER = "EasyMusic/EasyMusic-Bridging-Header.h";
				SWIFT_VERSION = 3.0;
				TARGETED_DEVICE_FAMILY = "1,2";
			};
			name = Debug;
		};
		7FF5B3111BE64E220044FCE5 /* Release */ = {
			isa = XCBuildConfiguration;
			baseConfigurationReference = BC4F01C2BE123EB3035C25DB /* Pods-EasyMusic.release.xcconfig */;
			buildSettings = {
				ASSETCATALOG_COMPILER_APPICON_NAME = AppIcon;
				CODE_SIGN_IDENTITY = "iPhone Developer";
				"CODE_SIGN_IDENTITY[sdk=iphoneos*]" = "iPhone Developer";
				EMBEDDED_CONTENT_CONTAINS_SWIFT = YES;
				ENABLE_BITCODE = YES;
				FRAMEWORK_SEARCH_PATHS = (
					"$(inherited)",
					"$(PROJECT_DIR)",
				);
				INFOPLIST_FILE = EasyMusic/Info.plist;
				IPHONEOS_DEPLOYMENT_TARGET = 9.1;
				LD_RUNPATH_SEARCH_PATHS = "$(inherited) @executable_path/Frameworks";
				OTHER_SWIFT_FLAGS = "";
				"OTHER_SWIFT_FLAGS[arch=*]" = "-DRELEASE";
				PRODUCT_BUNDLE_IDENTIFIER = com.pinkchicken.easymusicplayer;
				PRODUCT_NAME = "$(TARGET_NAME)";
				PROVISIONING_PROFILE = "";
				SWIFT_OBJC_BRIDGING_HEADER = "EasyMusic/EasyMusic-Bridging-Header.h";
				SWIFT_VERSION = 3.0;
				TARGETED_DEVICE_FAMILY = "1,2";
			};
			name = Release;
		};
		7FF5B3131BE64E220044FCE5 /* Debug */ = {
			isa = XCBuildConfiguration;
			baseConfigurationReference = 0AFD6E8B662F74CD13E33A24 /* Pods-EasyMusicTests.debug.xcconfig */;
			buildSettings = {
				BUNDLE_LOADER = "$(TEST_HOST)";
				INFOPLIST_FILE = EasyMusicTests/Info.plist;
				IPHONEOS_DEPLOYMENT_TARGET = 9.1;
				LD_RUNPATH_SEARCH_PATHS = "$(inherited) @executable_path/Frameworks @loader_path/Frameworks";
				PRODUCT_BUNDLE_IDENTIFIER = com.pinkchicken.EasyMusicTests;
				PRODUCT_NAME = "$(TARGET_NAME)";
				SWIFT_VERSION = 3.0;
				TEST_HOST = "$(BUILT_PRODUCTS_DIR)/EasyMusic.app/EasyMusic";
			};
			name = Debug;
		};
		7FF5B3141BE64E220044FCE5 /* Release */ = {
			isa = XCBuildConfiguration;
			baseConfigurationReference = 73194378346170EED6CC9EF5 /* Pods-EasyMusicTests.release.xcconfig */;
			buildSettings = {
				BUNDLE_LOADER = "$(TEST_HOST)";
				INFOPLIST_FILE = EasyMusicTests/Info.plist;
				IPHONEOS_DEPLOYMENT_TARGET = 9.1;
				LD_RUNPATH_SEARCH_PATHS = "$(inherited) @executable_path/Frameworks @loader_path/Frameworks";
				PRODUCT_BUNDLE_IDENTIFIER = com.pinkchicken.EasyMusicTests;
				PRODUCT_NAME = "$(TARGET_NAME)";
				SWIFT_VERSION = 3.0;
				TEST_HOST = "$(BUILT_PRODUCTS_DIR)/EasyMusic.app/EasyMusic";
			};
			name = Release;
		};
		7FF5B3161BE64E220044FCE5 /* Debug */ = {
			isa = XCBuildConfiguration;
			baseConfigurationReference = 5100AE4777D559F567BF6CE3 /* Pods-EasyMusicUITests.debug.xcconfig */;
			buildSettings = {
				INFOPLIST_FILE = EasyMusicUITests/Info.plist;
				IPHONEOS_DEPLOYMENT_TARGET = 9.1;
				LD_RUNPATH_SEARCH_PATHS = "$(inherited) @executable_path/Frameworks @loader_path/Frameworks";
				PRODUCT_BUNDLE_IDENTIFIER = com.pinkchicken.EasyMusicUITests;
				PRODUCT_NAME = "$(TARGET_NAME)";
				SWIFT_VERSION = 3.0;
				TEST_TARGET_NAME = EasyMusic;
				USES_XCTRUNNER = YES;
			};
			name = Debug;
		};
		7FF5B3171BE64E220044FCE5 /* Release */ = {
			isa = XCBuildConfiguration;
			baseConfigurationReference = 0EB082B6DE418C265699C954 /* Pods-EasyMusicUITests.release.xcconfig */;
			buildSettings = {
				INFOPLIST_FILE = EasyMusicUITests/Info.plist;
				IPHONEOS_DEPLOYMENT_TARGET = 9.1;
				LD_RUNPATH_SEARCH_PATHS = "$(inherited) @executable_path/Frameworks @loader_path/Frameworks";
				PRODUCT_BUNDLE_IDENTIFIER = com.pinkchicken.EasyMusicUITests;
				PRODUCT_NAME = "$(TARGET_NAME)";
				SWIFT_VERSION = 3.0;
				TEST_TARGET_NAME = EasyMusic;
				USES_XCTRUNNER = YES;
			};
			name = Release;
		};
/* End XCBuildConfiguration section */

/* Begin XCConfigurationList section */
		7FF5B2E21BE64E210044FCE5 /* Build configuration list for PBXProject "EasyMusic" */ = {
			isa = XCConfigurationList;
			buildConfigurations = (
				7FF5B30D1BE64E220044FCE5 /* Debug */,
				7FF5B30E1BE64E220044FCE5 /* Release */,
			);
			defaultConfigurationIsVisible = 0;
			defaultConfigurationName = Release;
		};
		7FF5B30F1BE64E220044FCE5 /* Build configuration list for PBXNativeTarget "EasyMusic" */ = {
			isa = XCConfigurationList;
			buildConfigurations = (
				7FF5B3101BE64E220044FCE5 /* Debug */,
				7FF5B3111BE64E220044FCE5 /* Release */,
			);
			defaultConfigurationIsVisible = 0;
			defaultConfigurationName = Release;
		};
		7FF5B3121BE64E220044FCE5 /* Build configuration list for PBXNativeTarget "EasyMusicTests" */ = {
			isa = XCConfigurationList;
			buildConfigurations = (
				7FF5B3131BE64E220044FCE5 /* Debug */,
				7FF5B3141BE64E220044FCE5 /* Release */,
			);
			defaultConfigurationIsVisible = 0;
			defaultConfigurationName = Release;
		};
		7FF5B3151BE64E220044FCE5 /* Build configuration list for PBXNativeTarget "EasyMusicUITests" */ = {
			isa = XCConfigurationList;
			buildConfigurations = (
				7FF5B3161BE64E220044FCE5 /* Debug */,
				7FF5B3171BE64E220044FCE5 /* Release */,
			);
			defaultConfigurationIsVisible = 0;
			defaultConfigurationName = Release;
		};
/* End XCConfigurationList section */
	};
	rootObject = 7FF5B2DF1BE64E210044FCE5 /* Project object */;
}
